
Microsoft Visual Studio Solution File, Format Version 12.00
# Visual Studio Version 17
VisualStudioVersion = 17.5.33502.453
MinimumVisualStudioVersion = 10.0.40219.1
Project("{FAE04EC0-301F-11D3-BF4B-00C04F79EFBC}") = "152120211114_Lab2", "152120211114_Lab2.csproj", "{C4286029-8D30-4252-BB61-71E474577A61}"
EndProject
Global
	GlobalSection(SolutionConfigurationPlatforms) = preSolution
		Debug|Any CPU = Debug|Any CPU
		Release|Any CPU = Release|Any CPU
	EndGlobalSection
	GlobalSection(ProjectConfigurationPlatforms) = postSolution
		{C4286029-8D30-4252-BB61-71E474577A61}.Debug|Any CPU.ActiveCfg = Debug|Any CPU
		{C4286029-8D30-4252-BB61-71E474577A61}.Debug|Any CPU.Build.0 = Debug|Any CPU
		{C4286029-8D30-4252-BB61-71E474577A61}.Release|Any CPU.ActiveCfg = Release|Any CPU
		{C4286029-8D30-4252-BB61-71E474577A61}.Release|Any CPU.Build.0 = Release|Any CPU
	EndGlobalSection
	GlobalSection(SolutionProperties) = preSolution
		HideSolutionNode = FALSE
	EndGlobalSection
	GlobalSection(ExtensibilityGlobals) = postSolution
		SolutionGuid = {80F10480-FC8C-4E0E-A14A-3320FE1E3696}
	EndGlobalSection
EndGlobal
